// !$*UTF8*$!
{
	archiveVersion = 1;
	classes = {
	};
	objectVersion = 77;
	objects = {

/* Begin PBXContainerItemProxy section */
		238607C92CABB838005A04BF /* PBXContainerItemProxy */ = {
			isa = PBXContainerItemProxy;
			containerPortal = 238607B02CABB836005A04BF /* Project object */;
			proxyType = 1;
			remoteGlobalIDString = 238607B72CABB836005A04BF;
			remoteInfo = TesXcodeCloud;
		};
		238607D32CABB838005A04BF /* PBXContainerItemProxy */ = {
			isa = PBXContainerItemProxy;
			containerPortal = 238607B02CABB836005A04BF /* Project object */;
			proxyType = 1;
			remoteGlobalIDString = 238607B72CABB836005A04BF;
			remoteInfo = TesXcodeCloud;
		};
/* End PBXContainerItemProxy section */

/* Begin PBXFileReference section */
		238607B82CABB836005A04BF /* TesXcodeCloud.app */ = {isa = PBXFileReference; explicitFileType = wrapper.application; includeInIndex = 0; path = TesXcodeCloud.app; sourceTree = BUILT_PRODUCTS_DIR; };
		238607C82CABB838005A04BF /* TesXcodeCloudTests.xctest */ = {isa = PBXFileReference; explicitFileType = wrapper.cfbundle; includeInIndex = 0; path = TesXcodeCloudTests.xctest; sourceTree = BUILT_PRODUCTS_DIR; };
		238607D22CABB838005A04BF /* TesXcodeCloudUITests.xctest */ = {isa = PBXFileReference; explicitFileType = wrapper.cfbundle; includeInIndex = 0; path = TesXcodeCloudUITests.xctest; sourceTree = BUILT_PRODUCTS_DIR; };
/* End PBXFileReference section */

/* Begin PBXFileSystemSynchronizedRootGroup section */
		238607BA2CABB836005A04BF /* TesXcodeCloud */ = {
			isa = PBXFileSystemSynchronizedRootGroup;
			path = TesXcodeCloud;
			sourceTree = "<group>";
		};
		238607CB2CABB838005A04BF /* TesXcodeCloudTests */ = {
			isa = PBXFileSystemSynchronizedRootGroup;
			path = TesXcodeCloudTests;
			sourceTree = "<group>";
		};
		238607D52CABB838005A04BF /* TesXcodeCloudUITests */ = {
			isa = PBXFileSystemSynchronizedRootGroup;
			path = TesXcodeCloudUITests;
			sourceTree = "<group>";
		};
/* End PBXFileSystemSynchronizedRootGroup section */

/* Begin PBXFrameworksBuildPhase section */
		238607B52CABB836005A04BF /* Frameworks */ = {
			isa = PBXFrameworksBuildPhase;
			buildActionMask = 2147483647;
			files = (
			);
			runOnlyForDeploymentPostprocessing = 0;
		};
		238607C52CABB838005A04BF /* Frameworks */ = {
			isa = PBXFrameworksBuildPhase;
			buildActionMask = 2147483647;
			files = (
			);
			runOnlyForDeploymentPostprocessing = 0;
		};
		238607CF2CABB838005A04BF /* Frameworks */ = {
			isa = PBXFrameworksBuildPhase;
			buildActionMask = 2147483647;
			files = (
			);
			runOnlyForDeploymentPostprocessing = 0;
		};
/* End PBXFrameworksBuildPhase section */

/* Begin PBXGroup section */
		238607AF2CABB836005A04BF = {
			isa = PBXGroup;
			children = (
				238607BA2CABB836005A04BF /* TesXcodeCloud */,
				238607CB2CABB838005A04BF /* TesXcodeCloudTests */,
				238607D52CABB838005A04BF /* TesXcodeCloudUITests */,
				238607B92CABB836005A04BF /* Products */,
			);
			sourceTree = "<group>";
		};
		238607B92CABB836005A04BF /* Products */ = {
			isa = PBXGroup;
			children = (
				238607B82CABB836005A04BF /* TesXcodeCloud.app */,
				238607C82CABB838005A04BF /* TesXcodeCloudTests.xctest */,
				238607D22CABB838005A04BF /* TesXcodeCloudUITests.xctest */,
			);
			name = Products;
			sourceTree = "<group>";
		};
/* End PBXGroup section */

/* Begin PBXNativeTarget section */
		238607B72CABB836005A04BF /* TesXcodeCloud */ = {
			isa = PBXNativeTarget;
			buildConfigurationList = 238607DC2CABB838005A04BF /* Build configuration list for PBXNativeTarget "TesXcodeCloud" */;
			buildPhases = (
				238607B42CABB836005A04BF /* Sources */,
				238607B52CABB836005A04BF /* Frameworks */,
				238607B62CABB836005A04BF /* Resources */,
			);
			buildRules = (
			);
			dependencies = (
			);
			fileSystemSynchronizedGroups = (
				238607BA2CABB836005A04BF /* TesXcodeCloud */,
			);
			name = TesXcodeCloud;
			packageProductDependencies = (
			);
			productName = TesXcodeCloud;
			productReference = 238607B82CABB836005A04BF /* TesXcodeCloud.app */;
			productType = "com.apple.product-type.application";
		};
		238607C72CABB838005A04BF /* TesXcodeCloudTests */ = {
			isa = PBXNativeTarget;
			buildConfigurationList = 238607DF2CABB838005A04BF /* Build configuration list for PBXNativeTarget "TesXcodeCloudTests" */;
			buildPhases = (
				238607C42CABB838005A04BF /* Sources */,
				238607C52CABB838005A04BF /* Frameworks */,
				238607C62CABB838005A04BF /* Resources */,
			);
			buildRules = (
			);
			dependencies = (
				238607CA2CABB838005A04BF /* PBXTargetDependency */,
			);
			fileSystemSynchronizedGroups = (
				238607CB2CABB838005A04BF /* TesXcodeCloudTests */,
			);
			name = TesXcodeCloudTests;
			packageProductDependencies = (
			);
			productName = TesXcodeCloudTests;
			productReference = 238607C82CABB838005A04BF /* TesXcodeCloudTests.xctest */;
			productType = "com.apple.product-type.bundle.unit-test";
		};
		238607D12CABB838005A04BF /* TesXcodeCloudUITests */ = {
			isa = PBXNativeTarget;
			buildConfigurationList = 238607E22CABB838005A04BF /* Build configuration list for PBXNativeTarget "TesXcodeCloudUITests" */;
			buildPhases = (
				238607CE2CABB838005A04BF /* Sources */,
				238607CF2CABB838005A04BF /* Frameworks */,
				238607D02CABB838005A04BF /* Resources */,
			);
			buildRules = (
			);
			dependencies = (
				238607D42CABB838005A04BF /* PBXTargetDependency */,
			);
			fileSystemSynchronizedGroups = (
				238607D52CABB838005A04BF /* TesXcodeCloudUITests */,
			);
			name = TesXcodeCloudUITests;
			packageProductDependencies = (
			);
			productName = TesXcodeCloudUITests;
			productReference = 238607D22CABB838005A04BF /* TesXcodeCloudUITests.xctest */;
			productType = "com.apple.product-type.bundle.ui-testing";
		};
/* End PBXNativeTarget section */

/* Begin PBXProject section */
		238607B02CABB836005A04BF /* Project object */ = {
			isa = PBXProject;
			attributes = {
				BuildIndependentTargetsInParallel = 1;
				LastSwiftUpdateCheck = 1600;
				LastUpgradeCheck = 1600;
				TargetAttributes = {
					238607B72CABB836005A04BF = {
						CreatedOnToolsVersion = 16.0;
					};
					238607C72CABB838005A04BF = {
						CreatedOnToolsVersion = 16.0;
						TestTargetID = 238607B72CABB836005A04BF;
					};
					238607D12CABB838005A04BF = {
						CreatedOnToolsVersion = 16.0;
						TestTargetID = 238607B72CABB836005A04BF;
					};
				};
			};
			buildConfigurationList = 238607B32CABB836005A04BF /* Build configuration list for PBXProject "TesXcodeCloud" */;
			developmentRegion = en;
			hasScannedForEncodings = 0;
			knownRegions = (
				en,
				Base,
			);
			mainGroup = 238607AF2CABB836005A04BF;
			minimizedProjectReferenceProxies = 1;
			preferredProjectObjectVersion = 77;
			productRefGroup = 238607B92CABB836005A04BF /* Products */;
			projectDirPath = "";
			projectRoot = "";
			targets = (
				238607B72CABB836005A04BF /* TesXcodeCloud */,
				238607C72CABB838005A04BF /* TesXcodeCloudTests */,
				238607D12CABB838005A04BF /* TesXcodeCloudUITests */,
			);
		};
/* End PBXProject section */

/* Begin PBXResourcesBuildPhase section */
		238607B62CABB836005A04BF /* Resources */ = {
			isa = PBXResourcesBuildPhase;
			buildActionMask = 2147483647;
			files = (
			);
			runOnlyForDeploymentPostprocessing = 0;
		};
		238607C62CABB838005A04BF /* Resources */ = {
			isa = PBXResourcesBuildPhase;
			buildActionMask = 2147483647;
			files = (
			);
			runOnlyForDeploymentPostprocessing = 0;
		};
		238607D02CABB838005A04BF /* Resources */ = {
			isa = PBXResourcesBuildPhase;
			buildActionMask = 2147483647;
			files = (
			);
			runOnlyForDeploymentPostprocessing = 0;
		};
/* End PBXResourcesBuildPhase section */

/* Begin PBXSourcesBuildPhase section */
		238607B42CABB836005A04BF /* Sources */ = {
			isa = PBXSourcesBuildPhase;
			buildActionMask = 2147483647;
			files = (
			);
			runOnlyForDeploymentPostprocessing = 0;
		};
		238607C42CABB838005A04BF /* Sources */ = {
			isa = PBXSourcesBuildPhase;
			buildActionMask = 2147483647;
			files = (
			);
			runOnlyForDeploymentPostprocessing = 0;
		};
		238607CE2CABB838005A04BF /* Sources */ = {
			isa = PBXSourcesBuildPhase;
			buildActionMask = 2147483647;
			files = (
			);
			runOnlyForDeploymentPostprocessing = 0;
		};
/* End PBXSourcesBuildPhase section */

/* Begin PBXTargetDependency section */
		238607CA2CABB838005A04BF /* PBXTargetDependency */ = {
			isa = PBXTargetDependency;
			target = 238607B72CABB836005A04BF /* TesXcodeCloud */;
			targetProxy = 238607C92CABB838005A04BF /* PBXContainerItemProxy */;
		};
		238607D42CABB838005A04BF /* PBXTargetDependency */ = {
			isa = PBXTargetDependency;
			target = 238607B72CABB836005A04BF /* TesXcodeCloud */;
			targetProxy = 238607D32CABB838005A04BF /* PBXContainerItemProxy */;
		};
/* End PBXTargetDependency section */

/* Begin XCBuildConfiguration section */
		238607DA2CABB838005A04BF /* Debug */ = {
			isa = XCBuildConfiguration;
			buildSettings = {
				ALWAYS_SEARCH_USER_PATHS = NO;
				ASSETCATALOG_COMPILER_GENERATE_SWIFT_ASSET_SYMBOL_EXTENSIONS = YES;
				CLANG_ANALYZER_NONNULL = YES;
				CLANG_ANALYZER_NUMBER_OBJECT_CONVERSION = YES_AGGRESSIVE;
				CLANG_CXX_LANGUAGE_STANDARD = "gnu++20";
				CLANG_ENABLE_MODULES = YES;
				CLANG_ENABLE_OBJC_ARC = YES;
				CLANG_ENABLE_OBJC_WEAK = YES;
				CLANG_WARN_BLOCK_CAPTURE_AUTORELEASING = YES;
				CLANG_WARN_BOOL_CONVERSION = YES;
				CLANG_WARN_COMMA = YES;
				CLANG_WARN_CONSTANT_CONVERSION = YES;
				CLANG_WARN_DEPRECATED_OBJC_IMPLEMENTATIONS = YES;
				CLANG_WARN_DIRECT_OBJC_ISA_USAGE = YES_ERROR;
				CLANG_WARN_DOCUMENTATION_COMMENTS = YES;
				CLANG_WARN_EMPTY_BODY = YES;
				CLANG_WARN_ENUM_CONVERSION = YES;
				CLANG_WARN_INFINITE_RECURSION = YES;
				CLANG_WARN_INT_CONVERSION = YES;
				CLANG_WARN_NON_LITERAL_NULL_CONVERSION = YES;
				CLANG_WARN_OBJC_IMPLICIT_RETAIN_SELF = YES;
				CLANG_WARN_OBJC_LITERAL_CONVERSION = YES;
				CLANG_WARN_OBJC_ROOT_CLASS = YES_ERROR;
				CLANG_WARN_QUOTED_INCLUDE_IN_FRAMEWORK_HEADER = YES;
				CLANG_WARN_RANGE_LOOP_ANALYSIS = YES;
				CLANG_WARN_STRICT_PROTOTYPES = YES;
				CLANG_WARN_SUSPICIOUS_MOVE = YES;
				CLANG_WARN_UNGUARDED_AVAILABILITY = YES_AGGRESSIVE;
				CLANG_WARN_UNREACHABLE_CODE = YES;
				CLANG_WARN__DUPLICATE_METHOD_MATCH = YES;
				COPY_PHASE_STRIP = NO;
				DEBUG_INFORMATION_FORMAT = dwarf;
				ENABLE_STRICT_OBJC_MSGSEND = YES;
				ENABLE_TESTABILITY = YES;
				ENABLE_USER_SCRIPT_SANDBOXING = YES;
				GCC_C_LANGUAGE_STANDARD = gnu17;
				GCC_DYNAMIC_NO_PIC = NO;
				GCC_NO_COMMON_BLOCKS = YES;
				GCC_OPTIMIZATION_LEVEL = 0;
				GCC_PREPROCESSOR_DEFINITIONS = (
					"DEBUG=1",
					"$(inherited)",
				);
				GCC_WARN_64_TO_32_BIT_CONVERSION = YES;
				GCC_WARN_ABOUT_RETURN_TYPE = YES_ERROR;
				GCC_WARN_UNDECLARED_SELECTOR = YES;
				GCC_WARN_UNINITIALIZED_AUTOS = YES_AGGRESSIVE;
				GCC_WARN_UNUSED_FUNCTION = YES;
				GCC_WARN_UNUSED_VARIABLE = YES;
				IPHONEOS_DEPLOYMENT_TARGET = 18.0;
				LOCALIZATION_PREFERS_STRING_CATALOGS = YES;
				MTL_ENABLE_DEBUG_INFO = INCLUDE_SOURCE;
				MTL_FAST_MATH = YES;
				ONLY_ACTIVE_ARCH = YES;
				SDKROOT = iphoneos;
				SWIFT_ACTIVE_COMPILATION_CONDITIONS = "DEBUG $(inherited)";
				SWIFT_OPTIMIZATION_LEVEL = "-Onone";
			};
			name = Debug;
		};
		238607DB2CABB838005A04BF /* Release */ = {
			isa = XCBuildConfiguration;
			buildSettings = {
				ALWAYS_SEARCH_USER_PATHS = NO;
				ASSETCATALOG_COMPILER_GENERATE_SWIFT_ASSET_SYMBOL_EXTENSIONS = YES;
				CLANG_ANALYZER_NONNULL = YES;
				CLANG_ANALYZER_NUMBER_OBJECT_CONVERSION = YES_AGGRESSIVE;
				CLANG_CXX_LANGUAGE_STANDARD = "gnu++20";
				CLANG_ENABLE_MODULES = YES;
				CLANG_ENABLE_OBJC_ARC = YES;
				CLANG_ENABLE_OBJC_WEAK = YES;
				CLANG_WARN_BLOCK_CAPTURE_AUTORELEASING = YES;
				CLANG_WARN_BOOL_CONVERSION = YES;
				CLANG_WARN_COMMA = YES;
				CLANG_WARN_CONSTANT_CONVERSION = YES;
				CLANG_WARN_DEPRECATED_OBJC_IMPLEMENTATIONS = YES;
				CLANG_WARN_DIRECT_OBJC_ISA_USAGE = YES_ERROR;
				CLANG_WARN_DOCUMENTATION_COMMENTS = YES;
				CLANG_WARN_EMPTY_BODY = YES;
				CLANG_WARN_ENUM_CONVERSION = YES;
				CLANG_WARN_INFINITE_RECURSION = YES;
				CLANG_WARN_INT_CONVERSION = YES;
				CLANG_WARN_NON_LITERAL_NULL_CONVERSION = YES;
				CLANG_WARN_OBJC_IMPLICIT_RETAIN_SELF = YES;
				CLANG_WARN_OBJC_LITERAL_CONVERSION = YES;
				CLANG_WARN_OBJC_ROOT_CLASS = YES_ERROR;
				CLANG_WARN_QUOTED_INCLUDE_IN_FRAMEWORK_HEADER = YES;
				CLANG_WARN_RANGE_LOOP_ANALYSIS = YES;
				CLANG_WARN_STRICT_PROTOTYPES = YES;
				CLANG_WARN_SUSPICIOUS_MOVE = YES;
				CLANG_WARN_UNGUARDED_AVAILABILITY = YES_AGGRESSIVE;
				CLANG_WARN_UNREACHABLE_CODE = YES;
				CLANG_WARN__DUPLICATE_METHOD_MATCH = YES;
				COPY_PHASE_STRIP = NO;
				DEBUG_INFORMATION_FORMAT = "dwarf-with-dsym";
				ENABLE_NS_ASSERTIONS = NO;
				ENABLE_STRICT_OBJC_MSGSEND = YES;
				ENABLE_USER_SCRIPT_SANDBOXING = YES;
				GCC_C_LANGUAGE_STANDARD = gnu17;
				GCC_NO_COMMON_BLOCKS = YES;
				GCC_WARN_64_TO_32_BIT_CONVERSION = YES;
				GCC_WARN_ABOUT_RETURN_TYPE = YES_ERROR;
				GCC_WARN_UNDECLARED_SELECTOR = YES;
				GCC_WARN_UNINITIALIZED_AUTOS = YES_AGGRESSIVE;
				GCC_WARN_UNUSED_FUNCTION = YES;
				GCC_WARN_UNUSED_VARIABLE = YES;
				IPHONEOS_DEPLOYMENT_TARGET = 18.0;
				LOCALIZATION_PREFERS_STRING_CATALOGS = YES;
				MTL_ENABLE_DEBUG_INFO = NO;
				MTL_FAST_MATH = YES;
				SDKROOT = iphoneos;
				SWIFT_COMPILATION_MODE = wholemodule;
				VALIDATE_PRODUCT = YES;
			};
			name = Release;
		};
		238607DD2CABB838005A04BF /* Debug */ = {
			isa = XCBuildConfiguration;
			buildSettings = {
				ASSETCATALOG_COMPILER_APPICON_NAME = AppIcon;
				ASSETCATALOG_COMPILER_GLOBAL_ACCENT_COLOR_NAME = AccentColor;
				CODE_SIGN_STYLE = Automatic;
				CURRENT_PROJECT_VERSION = 1;
				DEVELOPMENT_ASSET_PATHS = "\"TesXcodeCloud/Preview Content\"";
				DEVELOPMENT_TEAM = BHS88Y2WBP;
				ENABLE_PREVIEWS = YES;
				GENERATE_INFOPLIST_FILE = YES;
				INFOPLIST_KEY_UIApplicationSceneManifest_Generation = YES;
				INFOPLIST_KEY_UIApplicationSupportsIndirectInputEvents = YES;
				INFOPLIST_KEY_UILaunchScreen_Generation = YES;
				INFOPLIST_KEY_UISupportedInterfaceOrientations_iPad = "UIInterfaceOrientationPortrait UIInterfaceOrientationPortraitUpsideDown UIInterfaceOrientationLandscapeLeft UIInterfaceOrientationLandscapeRight";
				INFOPLIST_KEY_UISupportedInterfaceOrientations_iPhone = "UIInterfaceOrientationPortrait UIInterfaceOrientationLandscapeLeft UIInterfaceOrientationLandscapeRight";
				LD_RUNPATH_SEARCH_PATHS = (
					"$(inherited)",
					"@executable_path/Frameworks",
				);
				MARKETING_VERSION = 1.0;
				PRODUCT_BUNDLE_IDENTIFIER = com.hendra.TesXcodeCloud;
				PRODUCT_NAME = "$(TARGET_NAME)";
				SWIFT_EMIT_LOC_STRINGS = YES;
				SWIFT_VERSION = 5.0;
				TARGETED_DEVICE_FAMILY = "1,2";
			};
			name = Debug;
		};
		238607DE2CABB838005A04BF /* Release */ = {
			isa = XCBuildConfiguration;
			buildSettings = {
				ASSETCATALOG_COMPILER_APPICON_NAME = AppIcon;
				ASSETCATALOG_COMPILER_GLOBAL_ACCENT_COLOR_NAME = AccentColor;
				CODE_SIGN_STYLE = Automatic;
				CURRENT_PROJECT_VERSION = 1;
				DEVELOPMENT_ASSET_PATHS = "\"TesXcodeCloud/Preview Content\"";
				DEVELOPMENT_TEAM = BHS88Y2WBP;
				ENABLE_PREVIEWS = YES;
				GENERATE_INFOPLIST_FILE = YES;
				INFOPLIST_KEY_UIApplicationSceneManifest_Generation = YES;
				INFOPLIST_KEY_UIApplicationSupportsIndirectInputEvents = YES;
				INFOPLIST_KEY_UILaunchScreen_Generation = YES;
				INFOPLIST_KEY_UISupportedInterfaceOrientations_iPad = "UIInterfaceOrientationPortrait UIInterfaceOrientationPortraitUpsideDown UIInterfaceOrientationLandscapeLeft UIInterfaceOrientationLandscapeRight";
				INFOPLIST_KEY_UISupportedInterfaceOrientations_iPhone = "UIInterfaceOrientationPortrait UIInterfaceOrientationLandscapeLeft UIInterfaceOrientationLandscapeRight";
				LD_RUNPATH_SEARCH_PATHS = (
					"$(inherited)",
					"@executable_path/Frameworks",
				);
				MARKETING_VERSION = 1.0;
				PRODUCT_BUNDLE_IDENTIFIER = com.hendra.TesXcodeCloud;
				PRODUCT_NAME = "$(TARGET_NAME)";
				SWIFT_EMIT_LOC_STRINGS = YES;
				SWIFT_VERSION = 5.0;
				TARGETED_DEVICE_FAMILY = "1,2";
			};
			name = Release;
		};
		238607E02CABB838005A04BF /* Debug */ = {
			isa = XCBuildConfiguration;
			buildSettings = {
				BUNDLE_LOADER = "$(TEST_HOST)";
				CODE_SIGN_STYLE = Automatic;
				CURRENT_PROJECT_VERSION = 1;
				DEVELOPMENT_TEAM = BHS88Y2WBP;
				GENERATE_INFOPLIST_FILE = YES;
				IPHONEOS_DEPLOYMENT_TARGET = 18.0;
				MARKETING_VERSION = 1.0;
				PRODUCT_BUNDLE_IDENTIFIER = com.hendra.TesXcodeCloudTests;
				PRODUCT_NAME = "$(TARGET_NAME)";
				SWIFT_EMIT_LOC_STRINGS = NO;
				SWIFT_VERSION = 5.0;
				TARGETED_DEVICE_FAMILY = "1,2";
				TEST_HOST = "$(BUILT_PRODUCTS_DIR)/TesXcodeCloud.app/$(BUNDLE_EXECUTABLE_FOLDER_PATH)/TesXcodeCloud";
			};
			name = Debug;
		};
		238607E12CABB838005A04BF /* Release */ = {
			isa = XCBuildConfiguration;
			buildSettings = {
				BUNDLE_LOADER = "$(TEST_HOST)";
				CODE_SIGN_STYLE = Automatic;
				CURRENT_PROJECT_VERSION = 1;
				DEVELOPMENT_TEAM = BHS88Y2WBP;
				GENERATE_INFOPLIST_FILE = YES;
				IPHONEOS_DEPLOYMENT_TARGET = 18.0;
				MARKETING_VERSION = 1.0;
				PRODUCT_BUNDLE_IDENTIFIER = com.hendra.TesXcodeCloudTests;
				PRODUCT_NAME = "$(TARGET_NAME)";
				SWIFT_EMIT_LOC_STRINGS = NO;
				SWIFT_VERSION = 5.0;
				TARGETED_DEVICE_FAMILY = "1,2";
				TEST_HOST = "$(BUILT_PRODUCTS_DIR)/TesXcodeCloud.app/$(BUNDLE_EXECUTABLE_FOLDER_PATH)/TesXcodeCloud";
			};
			name = Release;
		};
		238607E32CABB838005A04BF /* Debug */ = {
			isa = XCBuildConfiguration;
			buildSettings = {
				CODE_SIGN_STYLE = Automatic;
				CURRENT_PROJECT_VERSION = 1;
				DEVELOPMENT_TEAM = BHS88Y2WBP;
				GENERATE_INFOPLIST_FILE = YES;
				MARKETING_VERSION = 1.0;
				PRODUCT_BUNDLE_IDENTIFIER = com.hendra.TesXcodeCloudUITests;
				PRODUCT_NAME = "$(TARGET_NAME)";
				SWIFT_EMIT_LOC_STRINGS = NO;
				SWIFT_VERSION = 5.0;
				TARGETED_DEVICE_FAMILY = "1,2";
				TEST_TARGET_NAME = TesXcodeCloud;
			};
			name = Debug;
		};
		238607E42CABB838005A04BF /* Release */ = {
			isa = XCBuildConfiguration;
			buildSettings = {
				CODE_SIGN_STYLE = Automatic;
				CURRENT_PROJECT_VERSION = 1;
				DEVELOPMENT_TEAM = BHS88Y2WBP;
				GENERATE_INFOPLIST_FILE = YES;
				MARKETING_VERSION = 1.0;
				PRODUCT_BUNDLE_IDENTIFIER = com.hendra.TesXcodeCloudUITests;
				PRODUCT_NAME = "$(TARGET_NAME)";
				SWIFT_EMIT_LOC_STRINGS = NO;
				SWIFT_VERSION = 5.0;
				TARGETED_DEVICE_FAMILY = "1,2";
				TEST_TARGET_NAME = TesXcodeCloud;
			};
			name = Release;
		};
/* End XCBuildConfiguration section */

/* Begin XCConfigurationList section */
		238607B32CABB836005A04BF /* Build configuration list for PBXProject "TesXcodeCloud" */ = {
			isa = XCConfigurationList;
			buildConfigurations = (
				238607DA2CABB838005A04BF /* Debug */,
				238607DB2CABB838005A04BF /* Release */,
			);
			defaultConfigurationIsVisible = 0;
			defaultConfigurationName = Release;
		};
		238607DC2CABB838005A04BF /* Build configuration list for PBXNativeTarget "TesXcodeCloud" */ = {
			isa = XCConfigurationList;
			buildConfigurations = (
				238607DD2CABB838005A04BF /* Debug */,
				238607DE2CABB838005A04BF /* Release */,
			);
			defaultConfigurationIsVisible = 0;
			defaultConfigurationName = Release;
		};
		238607DF2CABB838005A04BF /* Build configuration list for PBXNativeTarget "TesXcodeCloudTests" */ = {
			isa = XCConfigurationList;
			buildConfigurations = (
				238607E02CABB838005A04BF /* Debug */,
				238607E12CABB838005A04BF /* Release */,
			);
			defaultConfigurationIsVisible = 0;
			defaultConfigurationName = Release;
		};
		238607E22CABB838005A04BF /* Build configuration list for PBXNativeTarget "TesXcodeCloudUITests" */ = {
			isa = XCConfigurationList;
			buildConfigurations = (
				238607E32CABB838005A04BF /* Debug */,
				238607E42CABB838005A04BF /* Release */,
			);
			defaultConfigurationIsVisible = 0;
			defaultConfigurationName = Release;
		};
/* End XCConfigurationList section */
	};
	rootObject = 238607B02CABB836005A04BF /* Project object */;
}
